// !$*UTF8*$!
{
	archiveVersion = 1;
	classes = {
	};
	objectVersion = 56;
	objects = {

/* Begin PBXBuildFile section */
		F459362629E3FE9E00974D07 /* TripRequestView.swift in Sources */ = {isa = PBXBuildFile; fileRef = F459362529E3FE9E00974D07 /* TripRequestView.swift */; };
		F459362929E3FEB800974D07 /* RideType.swift in Sources */ = {isa = PBXBuildFile; fileRef = F459362829E3FEB800974D07 /* RideType.swift */; };
		F459362B29E404BF00974D07 /* RideTypeCard.swift in Sources */ = {isa = PBXBuildFile; fileRef = F459362A29E404BF00974D07 /* RideTypeCard.swift */; };
		F459362D29E40A7400974D07 /* CornerRadius.swift in Sources */ = {isa = PBXBuildFile; fileRef = F459362C29E40A7400974D07 /* CornerRadius.swift */; };
		F459362F29E423D000974D07 /* Double.swift in Sources */ = {isa = PBXBuildFile; fileRef = F459362E29E423D000974D07 /* Double.swift */; };
		F4D65AA629E2AB1C002183FE /* DriveUApp.swift in Sources */ = {isa = PBXBuildFile; fileRef = F4D65AA529E2AB1C002183FE /* DriveUApp.swift */; };
		F4D65AA829E2AB1C002183FE /* HomeView.swift in Sources */ = {isa = PBXBuildFile; fileRef = F4D65AA729E2AB1C002183FE /* HomeView.swift */; };
		F4D65AAA29E2AB1D002183FE /* Assets.xcassets in Resources */ = {isa = PBXBuildFile; fileRef = F4D65AA929E2AB1D002183FE /* Assets.xcassets */; };
		F4D65AAE29E2AB1D002183FE /* Preview Assets.xcassets in Resources */ = {isa = PBXBuildFile; fileRef = F4D65AAD29E2AB1D002183FE /* Preview Assets.xcassets */; };
		F4D65AB929E2B5B2002183FE /* MapRepresentable.swift in Sources */ = {isa = PBXBuildFile; fileRef = F4D65AB829E2B5B2002183FE /* MapRepresentable.swift */; };
		F4D65ABC29E2B842002183FE /* LocationManager.swift in Sources */ = {isa = PBXBuildFile; fileRef = F4D65ABB29E2B842002183FE /* LocationManager.swift */; };
		F4D65ABE29E2BA64002183FE /* MapActionButton.swift in Sources */ = {isa = PBXBuildFile; fileRef = F4D65ABD29E2BA64002183FE /* MapActionButton.swift */; };
		F4D65AC029E2BBC5002183FE /* StartSearchingLocationButton.swift in Sources */ = {isa = PBXBuildFile; fileRef = F4D65ABF29E2BBC5002183FE /* StartSearchingLocationButton.swift */; };
		F4D65AC729E2BE94002183FE /* LocationSearchView.swift in Sources */ = {isa = PBXBuildFile; fileRef = F4D65AC629E2BE94002183FE /* LocationSearchView.swift */; };
		F4D65ACA29E2C002002183FE /* Color.swift in Sources */ = {isa = PBXBuildFile; fileRef = F4D65AC929E2C002002183FE /* Color.swift */; };
		F4D65ACC29E2C321002183FE /* LocationSearchedCell.swift in Sources */ = {isa = PBXBuildFile; fileRef = F4D65ACB29E2C321002183FE /* LocationSearchedCell.swift */; };
		F4D65AD029E2C49D002183FE /* MapViewState.swift in Sources */ = {isa = PBXBuildFile; fileRef = F4D65ACF29E2C49D002183FE /* MapViewState.swift */; };
		F4D65AD229E2CAF7002183FE /* LocationSearchViewModel.swift in Sources */ = {isa = PBXBuildFile; fileRef = F4D65AD129E2CAF7002183FE /* LocationSearchViewModel.swift */; };
/* End PBXBuildFile section */

/* Begin PBXFileReference section */
		F459362529E3FE9E00974D07 /* TripRequestView.swift */ = {isa = PBXFileReference; lastKnownFileType = sourcecode.swift; path = TripRequestView.swift; sourceTree = "<group>"; };
		F459362829E3FEB800974D07 /* RideType.swift */ = {isa = PBXFileReference; lastKnownFileType = sourcecode.swift; path = RideType.swift; sourceTree = "<group>"; };
		F459362A29E404BF00974D07 /* RideTypeCard.swift */ = {isa = PBXFileReference; lastKnownFileType = sourcecode.swift; path = RideTypeCard.swift; sourceTree = "<group>"; };
		F459362C29E40A7400974D07 /* CornerRadius.swift */ = {isa = PBXFileReference; lastKnownFileType = sourcecode.swift; path = CornerRadius.swift; sourceTree = "<group>"; };
		F459362E29E423D000974D07 /* Double.swift */ = {isa = PBXFileReference; lastKnownFileType = sourcecode.swift; path = Double.swift; sourceTree = "<group>"; };
		F4D65AA229E2AB1C002183FE /* DriveU.app */ = {isa = PBXFileReference; explicitFileType = wrapper.application; includeInIndex = 0; path = DriveU.app; sourceTree = BUILT_PRODUCTS_DIR; };
		F4D65AA529E2AB1C002183FE /* DriveUApp.swift */ = {isa = PBXFileReference; lastKnownFileType = sourcecode.swift; path = DriveUApp.swift; sourceTree = "<group>"; };
		F4D65AA729E2AB1C002183FE /* HomeView.swift */ = {isa = PBXFileReference; lastKnownFileType = sourcecode.swift; path = HomeView.swift; sourceTree = "<group>"; };
		F4D65AA929E2AB1D002183FE /* Assets.xcassets */ = {isa = PBXFileReference; lastKnownFileType = folder.assetcatalog; path = Assets.xcassets; sourceTree = "<group>"; };
		F4D65AAB29E2AB1D002183FE /* DriveU.entitlements */ = {isa = PBXFileReference; lastKnownFileType = text.plist.entitlements; path = DriveU.entitlements; sourceTree = "<group>"; };
		F4D65AAD29E2AB1D002183FE /* Preview Assets.xcassets */ = {isa = PBXFileReference; lastKnownFileType = folder.assetcatalog; path = "Preview Assets.xcassets"; sourceTree = "<group>"; };
		F4D65AB829E2B5B2002183FE /* MapRepresentable.swift */ = {isa = PBXFileReference; lastKnownFileType = sourcecode.swift; path = MapRepresentable.swift; sourceTree = "<group>"; };
		F4D65ABB29E2B842002183FE /* LocationManager.swift */ = {isa = PBXFileReference; lastKnownFileType = sourcecode.swift; path = LocationManager.swift; sourceTree = "<group>"; };
		F4D65ABD29E2BA64002183FE /* MapActionButton.swift */ = {isa = PBXFileReference; lastKnownFileType = sourcecode.swift; path = MapActionButton.swift; sourceTree = "<group>"; };
		F4D65ABF29E2BBC5002183FE /* StartSearchingLocationButton.swift */ = {isa = PBXFileReference; lastKnownFileType = sourcecode.swift; path = StartSearchingLocationButton.swift; sourceTree = "<group>"; };
		F4D65AC629E2BE94002183FE /* LocationSearchView.swift */ = {isa = PBXFileReference; lastKnownFileType = sourcecode.swift; path = LocationSearchView.swift; sourceTree = "<group>"; };
		F4D65AC929E2C002002183FE /* Color.swift */ = {isa = PBXFileReference; lastKnownFileType = sourcecode.swift; path = Color.swift; sourceTree = "<group>"; };
		F4D65ACB29E2C321002183FE /* LocationSearchedCell.swift */ = {isa = PBXFileReference; lastKnownFileType = sourcecode.swift; path = LocationSearchedCell.swift; sourceTree = "<group>"; };
		F4D65ACF29E2C49D002183FE /* MapViewState.swift */ = {isa = PBXFileReference; lastKnownFileType = sourcecode.swift; path = MapViewState.swift; sourceTree = "<group>"; };
		F4D65AD129E2CAF7002183FE /* LocationSearchViewModel.swift */ = {isa = PBXFileReference; lastKnownFileType = sourcecode.swift; path = LocationSearchViewModel.swift; sourceTree = "<group>"; };
/* End PBXFileReference section */

/* Begin PBXFrameworksBuildPhase section */
		F4D65A9F29E2AB1C002183FE /* Frameworks */ = {
			isa = PBXFrameworksBuildPhase;
			buildActionMask = 2147483647;
			files = (
			);
			runOnlyForDeploymentPostprocessing = 0;
		};
/* End PBXFrameworksBuildPhase section */

/* Begin PBXGroup section */
		F459362229E3FE7B00974D07 /* Trips */ = {
			isa = PBXGroup;
			children = (
				F459362329E3FE8200974D07 /* View */,
				F459362429E3FE8900974D07 /* ViewModel */,
			);
			path = Trips;
			sourceTree = "<group>";
		};
		F459362329E3FE8200974D07 /* View */ = {
			isa = PBXGroup;
			children = (
				F459362529E3FE9E00974D07 /* TripRequestView.swift */,
				F459362A29E404BF00974D07 /* RideTypeCard.swift */,
			);
			path = View;
			sourceTree = "<group>";
		};
		F459362429E3FE8900974D07 /* ViewModel */ = {
			isa = PBXGroup;
			children = (
			);
			path = ViewModel;
			sourceTree = "<group>";
		};
		F459362729E3FEA700974D07 /* Models */ = {
			isa = PBXGroup;
			children = (
				F4D65ACF29E2C49D002183FE /* MapViewState.swift */,
				F459362829E3FEB800974D07 /* RideType.swift */,
			);
			path = Models;
			sourceTree = "<group>";
		};
		F4D65A9929E2AB1C002183FE = {
			isa = PBXGroup;
			children = (
				F4D65AA429E2AB1C002183FE /* DriveU */,
				F4D65AA329E2AB1C002183FE /* Products */,
			);
			sourceTree = "<group>";
		};
		F4D65AA329E2AB1C002183FE /* Products */ = {
			isa = PBXGroup;
			children = (
				F4D65AA229E2AB1C002183FE /* DriveU.app */,
			);
			name = Products;
			sourceTree = "<group>";
		};
		F4D65AA429E2AB1C002183FE /* DriveU */ = {
			isa = PBXGroup;
			children = (
				F459362729E3FEA700974D07 /* Models */,
				F4D65AB529E2B56A002183FE /* App */,
				F4D65AB429E2B54E002183FE /* Screen */,
				F4D65ABA29E2B836002183FE /* Managers */,
				F4D65AC829E2BFBC002183FE /* Extension */,
				F4D65AA929E2AB1D002183FE /* Assets.xcassets */,
				F4D65AAB29E2AB1D002183FE /* DriveU.entitlements */,
				F4D65AAC29E2AB1D002183FE /* Preview Content */,
			);
			path = DriveU;
			sourceTree = "<group>";
		};
		F4D65AAC29E2AB1D002183FE /* Preview Content */ = {
			isa = PBXGroup;
			children = (
				F4D65AAD29E2AB1D002183FE /* Preview Assets.xcassets */,
			);
			path = "Preview Content";
			sourceTree = "<group>";
		};
		F4D65AB429E2B54E002183FE /* Screen */ = {
			isa = PBXGroup;
			children = (
				F459362229E3FE7B00974D07 /* Trips */,
				F4D65AC329E2BE70002183FE /* LocationSearch */,
				F4D65AC229E2BE6A002183FE /* Home */,
			);
			path = Screen;
			sourceTree = "<group>";
		};
		F4D65AB529E2B56A002183FE /* App */ = {
			isa = PBXGroup;
			children = (
				F4D65AA529E2AB1C002183FE /* DriveUApp.swift */,
			);
			path = App;
			sourceTree = "<group>";
		};
		F4D65AB629E2B579002183FE /* View */ = {
			isa = PBXGroup;
			children = (
				F4D65AA729E2AB1C002183FE /* HomeView.swift */,
				F4D65ABD29E2BA64002183FE /* MapActionButton.swift */,
				F4D65AB829E2B5B2002183FE /* MapRepresentable.swift */,
				F4D65ABF29E2BBC5002183FE /* StartSearchingLocationButton.swift */,
			);
			path = View;
			sourceTree = "<group>";
		};
		F4D65AB729E2B586002183FE /* ViewModel */ = {
			isa = PBXGroup;
			children = (
			);
			path = ViewModel;
			sourceTree = "<group>";
		};
		F4D65ABA29E2B836002183FE /* Managers */ = {
			isa = PBXGroup;
			children = (
				F4D65ABB29E2B842002183FE /* LocationManager.swift */,
			);
			path = Managers;
			sourceTree = "<group>";
		};
		F4D65AC229E2BE6A002183FE /* Home */ = {
			isa = PBXGroup;
			children = (
				F4D65AB629E2B579002183FE /* View */,
				F4D65AB729E2B586002183FE /* ViewModel */,
			);
			path = Home;
			sourceTree = "<group>";
		};
		F4D65AC329E2BE70002183FE /* LocationSearch */ = {
			isa = PBXGroup;
			children = (
				F4D65AC429E2BE7C002183FE /* View */,
				F4D65AC529E2BE84002183FE /* ViewModel */,
			);
			path = LocationSearch;
			sourceTree = "<group>";
		};
		F4D65AC429E2BE7C002183FE /* View */ = {
			isa = PBXGroup;
			children = (
				F4D65AC629E2BE94002183FE /* LocationSearchView.swift */,
				F4D65ACB29E2C321002183FE /* LocationSearchedCell.swift */,
			);
			path = View;
			sourceTree = "<group>";
		};
		F4D65AC529E2BE84002183FE /* ViewModel */ = {
			isa = PBXGroup;
			children = (
				F4D65AD129E2CAF7002183FE /* LocationSearchViewModel.swift */,
			);
			path = ViewModel;
			sourceTree = "<group>";
		};
		F4D65AC829E2BFBC002183FE /* Extension */ = {
			isa = PBXGroup;
			children = (
				F4D65AC929E2C002002183FE /* Color.swift */,
				F459362C29E40A7400974D07 /* CornerRadius.swift */,
				F459362E29E423D000974D07 /* Double.swift */,
			);
			path = Extension;
			sourceTree = "<group>";
		};
/* End PBXGroup section */

/* Begin PBXNativeTarget section */
		F4D65AA129E2AB1C002183FE /* DriveU */ = {
			isa = PBXNativeTarget;
			buildConfigurationList = F4D65AB129E2AB1D002183FE /* Build configuration list for PBXNativeTarget "DriveU" */;
			buildPhases = (
				F4D65A9E29E2AB1C002183FE /* Sources */,
				F4D65A9F29E2AB1C002183FE /* Frameworks */,
				F4D65AA029E2AB1C002183FE /* Resources */,
			);
			buildRules = (
			);
			dependencies = (
			);
			name = DriveU;
			productName = DriveU;
			productReference = F4D65AA229E2AB1C002183FE /* DriveU.app */;
			productType = "com.apple.product-type.application";
		};
/* End PBXNativeTarget section */

/* Begin PBXProject section */
		F4D65A9A29E2AB1C002183FE /* Project object */ = {
			isa = PBXProject;
			attributes = {
				BuildIndependentTargetsInParallel = 1;
				LastSwiftUpdateCheck = 1430;
				LastUpgradeCheck = 1430;
				TargetAttributes = {
					F4D65AA129E2AB1C002183FE = {
						CreatedOnToolsVersion = 14.3;
					};
				};
			};
			buildConfigurationList = F4D65A9D29E2AB1C002183FE /* Build configuration list for PBXProject "DriveU" */;
			compatibilityVersion = "Xcode 14.0";
			developmentRegion = en;
			hasScannedForEncodings = 0;
			knownRegions = (
				en,
				Base,
			);
			mainGroup = F4D65A9929E2AB1C002183FE;
			productRefGroup = F4D65AA329E2AB1C002183FE /* Products */;
			projectDirPath = "";
			projectRoot = "";
			targets = (
				F4D65AA129E2AB1C002183FE /* DriveU */,
			);
		};
/* End PBXProject section */

/* Begin PBXResourcesBuildPhase section */
		F4D65AA029E2AB1C002183FE /* Resources */ = {
			isa = PBXResourcesBuildPhase;
			buildActionMask = 2147483647;
			files = (
				F4D65AAE29E2AB1D002183FE /* Preview Assets.xcassets in Resources */,
				F4D65AAA29E2AB1D002183FE /* Assets.xcassets in Resources */,
			);
			runOnlyForDeploymentPostprocessing = 0;
		};
/* End PBXResourcesBuildPhase section */

/* Begin PBXSourcesBuildPhase section */
		F4D65A9E29E2AB1C002183FE /* Sources */ = {
			isa = PBXSourcesBuildPhase;
			buildActionMask = 2147483647;
			files = (
				F4D65AC729E2BE94002183FE /* LocationSearchView.swift in Sources */,
				F459362929E3FEB800974D07 /* RideType.swift in Sources */,
				F459362F29E423D000974D07 /* Double.swift in Sources */,
				F459362D29E40A7400974D07 /* CornerRadius.swift in Sources */,
				F4D65ABC29E2B842002183FE /* LocationManager.swift in Sources */,
				F4D65AA829E2AB1C002183FE /* HomeView.swift in Sources */,
				F459362629E3FE9E00974D07 /* TripRequestView.swift in Sources */,
				F4D65AD029E2C49D002183FE /* MapViewState.swift in Sources */,
				F4D65AA629E2AB1C002183FE /* DriveUApp.swift in Sources */,
				F4D65AD229E2CAF7002183FE /* LocationSearchViewModel.swift in Sources */,
				F4D65AB929E2B5B2002183FE /* MapRepresentable.swift in Sources */,
				F4D65ACA29E2C002002183FE /* Color.swift in Sources */,
				F4D65AC029E2BBC5002183FE /* StartSearchingLocationButton.swift in Sources */,
				F459362B29E404BF00974D07 /* RideTypeCard.swift in Sources */,
				F4D65ACC29E2C321002183FE /* LocationSearchedCell.swift in Sources */,
				F4D65ABE29E2BA64002183FE /* MapActionButton.swift in Sources */,
			);
			runOnlyForDeploymentPostprocessing = 0;
		};
/* End PBXSourcesBuildPhase section */

/* Begin XCBuildConfiguration section */
		F4D65AAF29E2AB1D002183FE /* Debug */ = {
			isa = XCBuildConfiguration;
			buildSettings = {
				ALWAYS_SEARCH_USER_PATHS = NO;
				CLANG_ANALYZER_NONNULL = YES;
				CLANG_ANALYZER_NUMBER_OBJECT_CONVERSION = YES_AGGRESSIVE;
				CLANG_CXX_LANGUAGE_STANDARD = "gnu++20";
				CLANG_ENABLE_MODULES = YES;
				CLANG_ENABLE_OBJC_ARC = YES;
				CLANG_ENABLE_OBJC_WEAK = YES;
				CLANG_WARN_BLOCK_CAPTURE_AUTORELEASING = YES;
				CLANG_WARN_BOOL_CONVERSION = YES;
				CLANG_WARN_COMMA = YES;
				CLANG_WARN_CONSTANT_CONVERSION = YES;
				CLANG_WARN_DEPRECATED_OBJC_IMPLEMENTATIONS = YES;
				CLANG_WARN_DIRECT_OBJC_ISA_USAGE = YES_ERROR;
				CLANG_WARN_DOCUMENTATION_COMMENTS = YES;
				CLANG_WARN_EMPTY_BODY = YES;
				CLANG_WARN_ENUM_CONVERSION = YES;
				CLANG_WARN_INFINITE_RECURSION = YES;
				CLANG_WARN_INT_CONVERSION = YES;
				CLANG_WARN_NON_LITERAL_NULL_CONVERSION = YES;
				CLANG_WARN_OBJC_IMPLICIT_RETAIN_SELF = YES;
				CLANG_WARN_OBJC_LITERAL_CONVERSION = YES;
				CLANG_WARN_OBJC_ROOT_CLASS = YES_ERROR;
				CLANG_WARN_QUOTED_INCLUDE_IN_FRAMEWORK_HEADER = YES;
				CLANG_WARN_RANGE_LOOP_ANALYSIS = YES;
				CLANG_WARN_STRICT_PROTOTYPES = YES;
				CLANG_WARN_SUSPICIOUS_MOVE = YES;
				CLANG_WARN_UNGUARDED_AVAILABILITY = YES_AGGRESSIVE;
				CLANG_WARN_UNREACHABLE_CODE = YES;
				CLANG_WARN__DUPLICATE_METHOD_MATCH = YES;
				COPY_PHASE_STRIP = NO;
				DEBUG_INFORMATION_FORMAT = dwarf;
				ENABLE_STRICT_OBJC_MSGSEND = YES;
				ENABLE_TESTABILITY = YES;
				GCC_C_LANGUAGE_STANDARD = gnu11;
				GCC_DYNAMIC_NO_PIC = NO;
				GCC_NO_COMMON_BLOCKS = YES;
				GCC_OPTIMIZATION_LEVEL = 0;
				GCC_PREPROCESSOR_DEFINITIONS = (
					"DEBUG=1",
					"$(inherited)",
				);
				GCC_WARN_64_TO_32_BIT_CONVERSION = YES;
				GCC_WARN_ABOUT_RETURN_TYPE = YES_ERROR;
				GCC_WARN_UNDECLARED_SELECTOR = YES;
				GCC_WARN_UNINITIALIZED_AUTOS = YES_AGGRESSIVE;
				GCC_WARN_UNUSED_FUNCTION = YES;
				GCC_WARN_UNUSED_VARIABLE = YES;
				MTL_ENABLE_DEBUG_INFO = INCLUDE_SOURCE;
				MTL_FAST_MATH = YES;
				ONLY_ACTIVE_ARCH = YES;
				SWIFT_ACTIVE_COMPILATION_CONDITIONS = DEBUG;
				SWIFT_OPTIMIZATION_LEVEL = "-Onone";
			};
			name = Debug;
		};
		F4D65AB029E2AB1D002183FE /* Release */ = {
			isa = XCBuildConfiguration;
			buildSettings = {
				ALWAYS_SEARCH_USER_PATHS = NO;
				CLANG_ANALYZER_NONNULL = YES;
				CLANG_ANALYZER_NUMBER_OBJECT_CONVERSION = YES_AGGRESSIVE;
				CLANG_CXX_LANGUAGE_STANDARD = "gnu++20";
				CLANG_ENABLE_MODULES = YES;
				CLANG_ENABLE_OBJC_ARC = YES;
				CLANG_ENABLE_OBJC_WEAK = YES;
				CLANG_WARN_BLOCK_CAPTURE_AUTORELEASING = YES;
				CLANG_WARN_BOOL_CONVERSION = YES;
				CLANG_WARN_COMMA = YES;
				CLANG_WARN_CONSTANT_CONVERSION = YES;
				CLANG_WARN_DEPRECATED_OBJC_IMPLEMENTATIONS = YES;
				CLANG_WARN_DIRECT_OBJC_ISA_USAGE = YES_ERROR;
				CLANG_WARN_DOCUMENTATION_COMMENTS = YES;
				CLANG_WARN_EMPTY_BODY = YES;
				CLANG_WARN_ENUM_CONVERSION = YES;
				CLANG_WARN_INFINITE_RECURSION = YES;
				CLANG_WARN_INT_CONVERSION = YES;
				CLANG_WARN_NON_LITERAL_NULL_CONVERSION = YES;
				CLANG_WARN_OBJC_IMPLICIT_RETAIN_SELF = YES;
				CLANG_WARN_OBJC_LITERAL_CONVERSION = YES;
				CLANG_WARN_OBJC_ROOT_CLASS = YES_ERROR;
				CLANG_WARN_QUOTED_INCLUDE_IN_FRAMEWORK_HEADER = YES;
				CLANG_WARN_RANGE_LOOP_ANALYSIS = YES;
				CLANG_WARN_STRICT_PROTOTYPES = YES;
				CLANG_WARN_SUSPICIOUS_MOVE = YES;
				CLANG_WARN_UNGUARDED_AVAILABILITY = YES_AGGRESSIVE;
				CLANG_WARN_UNREACHABLE_CODE = YES;
				CLANG_WARN__DUPLICATE_METHOD_MATCH = YES;
				COPY_PHASE_STRIP = NO;
				DEBUG_INFORMATION_FORMAT = "dwarf-with-dsym";
				ENABLE_NS_ASSERTIONS = NO;
				ENABLE_STRICT_OBJC_MSGSEND = YES;
				GCC_C_LANGUAGE_STANDARD = gnu11;
				GCC_NO_COMMON_BLOCKS = YES;
				GCC_WARN_64_TO_32_BIT_CONVERSION = YES;
				GCC_WARN_ABOUT_RETURN_TYPE = YES_ERROR;
				GCC_WARN_UNDECLARED_SELECTOR = YES;
				GCC_WARN_UNINITIALIZED_AUTOS = YES_AGGRESSIVE;
				GCC_WARN_UNUSED_FUNCTION = YES;
				GCC_WARN_UNUSED_VARIABLE = YES;
				MTL_ENABLE_DEBUG_INFO = NO;
				MTL_FAST_MATH = YES;
				SWIFT_COMPILATION_MODE = wholemodule;
				SWIFT_OPTIMIZATION_LEVEL = "-O";
			};
			name = Release;
		};
		F4D65AB229E2AB1D002183FE /* Debug */ = {
			isa = XCBuildConfiguration;
			buildSettings = {
				ASSETCATALOG_COMPILER_APPICON_NAME = AppIcon;
				ASSETCATALOG_COMPILER_GLOBAL_ACCENT_COLOR_NAME = AccentColor;
				CODE_SIGN_ENTITLEMENTS = DriveU/DriveU.entitlements;
				CODE_SIGN_STYLE = Automatic;
				CURRENT_PROJECT_VERSION = 1;
				DEVELOPMENT_ASSET_PATHS = "\"DriveU/Preview Content\"";
				DEVELOPMENT_TEAM = 33WMDPGAG6;
				ENABLE_HARDENED_RUNTIME = YES;
				ENABLE_PREVIEWS = YES;
				GENERATE_INFOPLIST_FILE = YES;
				INFOPLIST_KEY_NSLocationWhenInUseUsageDescription = "Allows to access your current location.";
				"INFOPLIST_KEY_UIApplicationSceneManifest_Generation[sdk=iphoneos*]" = YES;
				"INFOPLIST_KEY_UIApplicationSceneManifest_Generation[sdk=iphonesimulator*]" = YES;
				"INFOPLIST_KEY_UIApplicationSupportsIndirectInputEvents[sdk=iphoneos*]" = YES;
				"INFOPLIST_KEY_UIApplicationSupportsIndirectInputEvents[sdk=iphonesimulator*]" = YES;
				"INFOPLIST_KEY_UILaunchScreen_Generation[sdk=iphoneos*]" = YES;
				"INFOPLIST_KEY_UILaunchScreen_Generation[sdk=iphonesimulator*]" = YES;
				"INFOPLIST_KEY_UIStatusBarStyle[sdk=iphoneos*]" = UIStatusBarStyleDefault;
				"INFOPLIST_KEY_UIStatusBarStyle[sdk=iphonesimulator*]" = UIStatusBarStyleDefault;
				INFOPLIST_KEY_UISupportedInterfaceOrientations_iPad = "UIInterfaceOrientationPortrait UIInterfaceOrientationPortraitUpsideDown UIInterfaceOrientationLandscapeLeft UIInterfaceOrientationLandscapeRight";
				INFOPLIST_KEY_UISupportedInterfaceOrientations_iPhone = "UIInterfaceOrientationPortrait UIInterfaceOrientationLandscapeLeft UIInterfaceOrientationLandscapeRight";
				IPHONEOS_DEPLOYMENT_TARGET = 16.4;
				LD_RUNPATH_SEARCH_PATHS = "@executable_path/Frameworks";
				"LD_RUNPATH_SEARCH_PATHS[sdk=macosx*]" = "@executable_path/../Frameworks";
				MACOSX_DEPLOYMENT_TARGET = 13.3;
				MARKETING_VERSION = 1.0;
				PRODUCT_BUNDLE_IDENTIFIER = th.ac.chula.cbs.stat.DriveU;
				PRODUCT_NAME = "$(TARGET_NAME)";
				SDKROOT = auto;
				SUPPORTED_PLATFORMS = "iphoneos iphonesimulator macosx";
				SWIFT_EMIT_LOC_STRINGS = YES;
				SWIFT_VERSION = 5.0;
				TARGETED_DEVICE_FAMILY = "1,2";
			};
			name = Debug;
		};
		F4D65AB329E2AB1D002183FE /* Release */ = {
			isa = XCBuildConfiguration;
			buildSettings = {
				ASSETCATALOG_COMPILER_APPICON_NAME = AppIcon;
				ASSETCATALOG_COMPILER_GLOBAL_ACCENT_COLOR_NAME = AccentColor;
				CODE_SIGN_ENTITLEMENTS = DriveU/DriveU.entitlements;
				CODE_SIGN_STYLE = Automatic;
				CURRENT_PROJECT_VERSION = 1;
				DEVELOPMENT_ASSET_PATHS = "\"DriveU/Preview Content\"";
				DEVELOPMENT_TEAM = 33WMDPGAG6;
				ENABLE_HARDENED_RUNTIME = YES;
				ENABLE_PREVIEWS = YES;
				GENERATE_INFOPLIST_FILE = YES;
				INFOPLIST_KEY_NSLocationWhenInUseUsageDescription = "Allows to access your current location.";
				"INFOPLIST_KEY_UIApplicationSceneManifest_Generation[sdk=iphoneos*]" = YES;
				"INFOPLIST_KEY_UIApplicationSceneManifest_Generation[sdk=iphonesimulator*]" = YES;
				"INFOPLIST_KEY_UIApplicationSupportsIndirectInputEvents[sdk=iphoneos*]" = YES;
				"INFOPLIST_KEY_UIApplicationSupportsIndirectInputEvents[sdk=iphonesimulator*]" = YES;
				"INFOPLIST_KEY_UILaunchScreen_Generation[sdk=iphoneos*]" = YES;
				"INFOPLIST_KEY_UILaunchScreen_Generation[sdk=iphonesimulator*]" = YES;
				"INFOPLIST_KEY_UIStatusBarStyle[sdk=iphoneos*]" = UIStatusBarStyleDefault;
				"INFOPLIST_KEY_UIStatusBarStyle[sdk=iphonesimulator*]" = UIStatusBarStyleDefault;
				INFOPLIST_KEY_UISupportedInterfaceOrientations_iPad = "UIInterfaceOrientationPortrait UIInterfaceOrientationPortraitUpsideDown UIInterfaceOrientationLandscapeLeft UIInterfaceOrientationLandscapeRight";
				INFOPLIST_KEY_UISupportedInterfaceOrientations_iPhone = "UIInterfaceOrientationPortrait UIInterfaceOrientationLandscapeLeft UIInterfaceOrientationLandscapeRight";
				IPHONEOS_DEPLOYMENT_TARGET = 16.4;
				LD_RUNPATH_SEARCH_PATHS = "@executable_path/Frameworks";
				"LD_RUNPATH_SEARCH_PATHS[sdk=macosx*]" = "@executable_path/../Frameworks";
				MACOSX_DEPLOYMENT_TARGET = 13.3;
				MARKETING_VERSION = 1.0;
				PRODUCT_BUNDLE_IDENTIFIER = th.ac.chula.cbs.stat.DriveU;
				PRODUCT_NAME = "$(TARGET_NAME)";
				SDKROOT = auto;
				SUPPORTED_PLATFORMS = "iphoneos iphonesimulator macosx";
				SWIFT_EMIT_LOC_STRINGS = YES;
				SWIFT_VERSION = 5.0;
				TARGETED_DEVICE_FAMILY = "1,2";
			};
			name = Release;
		};
/* End XCBuildConfiguration section */

/* Begin XCConfigurationList section */
		F4D65A9D29E2AB1C002183FE /* Build configuration list for PBXProject "DriveU" */ = {
			isa = XCConfigurationList;
			buildConfigurations = (
				F4D65AAF29E2AB1D002183FE /* Debug */,
				F4D65AB029E2AB1D002183FE /* Release */,
			);
			defaultConfigurationIsVisible = 0;
			defaultConfigurationName = Release;
		};
		F4D65AB129E2AB1D002183FE /* Build configuration list for PBXNativeTarget "DriveU" */ = {
			isa = XCConfigurationList;
			buildConfigurations = (
				F4D65AB229E2AB1D002183FE /* Debug */,
				F4D65AB329E2AB1D002183FE /* Release */,
			);
			defaultConfigurationIsVisible = 0;
			defaultConfigurationName = Release;
		};
/* End XCConfigurationList section */
	};
	rootObject = F4D65A9A29E2AB1C002183FE /* Project object */;
}
